
Microsoft Visual Studio Solution File, Format Version 12.00
# Visual Studio Version 17
VisualStudioVersion = 17.1.32328.378
MinimumVisualStudioVersion = 10.0.40219.1
Project("{FAE04EC0-301F-11D3-BF4B-00C04F79EFBC}") = "BattleshipLite", "ConsoleUI\BattleshipLite.csproj", "{2EEE228A-AA40-4590-B9BE-F2C1C590C740}"
EndProject
Project("{FAE04EC0-301F-11D3-BF4B-00C04F79EFBC}") = "BattleshipLibrary", "BattleshipLogic\BattleshipLibrary.csproj", "{AC28899E-03DF-41AB-A4B8-9E62BE4F3A22}"
EndProject
Global
	GlobalSection(SolutionConfigurationPlatforms) = preSolution
		Debug|Any CPU = Debug|Any CPU
		Release|Any CPU = Release|Any CPU
	EndGlobalSection
	GlobalSection(ProjectConfigurationPlatforms) = postSolution
		{2EEE228A-AA40-4590-B9BE-F2C1C590C740}.Debug|Any CPU.ActiveCfg = Debug|Any CPU
		{2EEE228A-AA40-4590-B9BE-F2C1C590C740}.Debug|Any CPU.Build.0 = Debug|Any CPU
		{2EEE228A-AA40-4590-B9BE-F2C1C590C740}.Release|Any CPU.ActiveCfg = Release|Any CPU
		{2EEE228A-AA40-4590-B9BE-F2C1C590C740}.Release|Any CPU.Build.0 = Release|Any CPU
		{AC28899E-03DF-41AB-A4B8-9E62BE4F3A22}.Debug|Any CPU.ActiveCfg = Debug|Any CPU
		{AC28899E-03DF-41AB-A4B8-9E62BE4F3A22}.Debug|Any CPU.Build.0 = Debug|Any CPU
		{AC28899E-03DF-41AB-A4B8-9E62BE4F3A22}.Release|Any CPU.ActiveCfg = Release|Any CPU
		{AC28899E-03DF-41AB-A4B8-9E62BE4F3A22}.Release|Any CPU.Build.0 = Release|Any CPU
	EndGlobalSection
	GlobalSection(SolutionProperties) = preSolution
		HideSolutionNode = FALSE
	EndGlobalSection
	GlobalSection(ExtensibilityGlobals) = postSolution
		SolutionGuid = {6566D03F-E62E-4669-B90C-FF40300552B9}
	EndGlobalSection
EndGlobal
